{
    "_readme": [
        "This file locks the dependencies of your project to a known state",
        "Read more about it at http://getcomposer.org/doc/01-basic-usage.md#composer-lock-the-lock-file",
        "This file is @generated automatically"
    ],
    "hash": "12d695ea98799d5a25fcf979b634a13d",
    "packages": [
        {
            "name": "andrefelipe/orchestrate-php",
            "version": "0.13.2",
            "source": {
                "type": "git",
                "url": "https://github.com/andrefelipe/orchestrate-php.git",
                "reference": "3ba90efef267c010fd4eb766c7212bc855f49031"
            },
            "dist": {
                "type": "zip",
                "url": "https://api.github.com/repos/andrefelipe/orchestrate-php/zipball/3ba90efef267c010fd4eb766c7212bc855f49031",
                "reference": "3ba90efef267c010fd4eb766c7212bc855f49031",
                "shasum": ""
            },
            "require": {
                "guzzlehttp/guzzle": "~5.2",
                "mtdowling/jmespath.php": "~2.1",
                "php": ">=5.4.0"
            },
            "type": "library",
            "autoload": {
                "psr-4": {
                    "andrefelipe\\Orchestrate\\": "src/"
                }
            },
            "notification-url": "https://packagist.org/downloads/",
            "license": [
                "MIT"
            ],
            "authors": [
                {
                    "name": "André Felipe",
                    "homepage": "http://www.andrefelipe.com"
                }
            ],
            "description": "PHP client for Orchestrate.io",
            "homepage": "https://github.com/andrefelipe/orchestrate-php",
            "keywords": [
                "Guzzle",
                "client",
                "jmespath",
                "orchestrate"
            ],
            "time": "2015-04-07 10:40:09"
        },
        {
            "name": "cloudconvert/cloudconvert-php",
            "version": "2.0",
            "source": {
                "type": "git",
                "url": "https://github.com/cloudconvert/cloudconvert-php.git",
                "reference": "3ea5c0a2ced1056db6446a124e6409ace4cfc004"
            },
            "dist": {
                "type": "zip",
                "url": "https://api.github.com/repos/cloudconvert/cloudconvert-php/zipball/3ea5c0a2ced1056db6446a124e6409ace4cfc004",
                "reference": "3ea5c0a2ced1056db6446a124e6409ace4cfc004",
                "shasum": ""
            },
            "require": {
                "guzzlehttp/guzzle": ">=4.0,<6.0"
            },
            "require-dev": {
                "phpdocumentor/phpdocumentor": "2.*",
                "phpunit/phpunit": "4.0.*",
                "squizlabs/php_codesniffer": "1.*"
            },
            "type": "library",
            "autoload": {
                "psr-4": {
                    "CloudConvert\\": "src/"
                }
            },
            "notification-url": "https://packagist.org/downloads/",
            "authors": [
                {
                    "name": "Josias Montag",
                    "email": "josias@montag.info"
                }
            ],
            "description": "PHP Wrapper for CloudConvert APIs",
            "homepage": "https://github.com/cloudconvert/cloudconvert-php",
            "time": "2015-03-08 13:06:37"
        },
        {
            "name": "fillup/nexmo",
            "version": "dev-master",
            "source": {
                "type": "git",
                "url": "https://github.com/fillup/nexmo.git",
                "reference": "8c0068e1578ed2a053cbb52f09cec180514f6db8"
            },
            "dist": {
                "type": "zip",
                "url": "https://api.github.com/repos/fillup/nexmo/zipball/8c0068e1578ed2a053cbb52f09cec180514f6db8",
                "reference": "8c0068e1578ed2a053cbb52f09cec180514f6db8",
                "shasum": ""
            },
            "require": {
                "guzzlehttp/guzzle": "~5.0",
                "guzzlehttp/guzzle-services": "*",
                "guzzlehttp/log-subscriber": "*",
                "guzzlehttp/retry-subscriber": "*"
            },
            "type": "library",
            "autoload": {
                "psr-4": {
                    "Nexmo\\": "src/"
                }
            },
            "notification-url": "https://packagist.org/downloads/",
            "license": [
                "MIT"
            ],
            "authors": [
                {
                    "name": "Phillip Shipley",
                    "email": "phillip.shipley@gmail.com"
                }
            ],
            "description": "Nexmo API client built with Guzzle Web Service descriptions",
            "time": "2015-04-12 19:37:01"
        },
        {
            "name": "firebase/php-jwt",
            "version": "2.0.0",
            "target-dir": "Firebase/PHP-JWT",
            "source": {
                "type": "git",
                "url": "https://github.com/firebase/php-jwt.git",
                "reference": "ffcfd888ce1e4f2d70cac2dc9b7301038332fe57"
            },
            "dist": {
                "type": "zip",
                "url": "https://api.github.com/repos/firebase/php-jwt/zipball/ffcfd888ce1e4f2d70cac2dc9b7301038332fe57",
                "reference": "ffcfd888ce1e4f2d70cac2dc9b7301038332fe57",
                "shasum": ""
            },
            "require": {
                "php": ">=5.2.0"
            },
            "type": "library",
            "autoload": {
                "classmap": [
                    "Authentication/",
                    "Exceptions/"
                ]
            },
            "notification-url": "https://packagist.org/downloads/",
            "license": [
                "BSD-3-Clause"
            ],
            "authors": [
                {
                    "name": "Neuman Vong",
                    "email": "neuman+pear@twilio.com",
                    "role": "Developer"
                },
                {
                    "name": "Anant Narayanan",
                    "email": "anant@php.net",
                    "role": "Developer"
                }
            ],
            "description": "A simple library to encode and decode JSON Web Tokens (JWT) in PHP. Should conform to the current spec.",
            "homepage": "https://github.com/firebase/php-jwt",
            "time": "2015-04-01 18:46:38"
        },
        {
            "name": "guzzle/guzzle",
            "version": "dev-master",
            "source": {
                "type": "git",
                "url": "https://github.com/guzzle/guzzle3.git",
                "reference": "b3f5050cb6270c7a728a0b74ac2de50a262b3e02"
            },
            "dist": {
                "type": "zip",
                "url": "https://api.github.com/repos/guzzle/guzzle3/zipball/b3f5050cb6270c7a728a0b74ac2de50a262b3e02",
                "reference": "b3f5050cb6270c7a728a0b74ac2de50a262b3e02",
                "shasum": ""
            },
            "require": {
                "ext-curl": "*",
                "php": ">=5.3.3",
                "symfony/event-dispatcher": "~2.1"
            },
            "replace": {
                "guzzle/batch": "self.version",
                "guzzle/cache": "self.version",
                "guzzle/common": "self.version",
                "guzzle/http": "self.version",
                "guzzle/inflection": "self.version",
                "guzzle/iterator": "self.version",
                "guzzle/log": "self.version",
                "guzzle/parser": "self.version",
                "guzzle/plugin": "self.version",
                "guzzle/plugin-async": "self.version",
                "guzzle/plugin-backoff": "self.version",
                "guzzle/plugin-cache": "self.version",
                "guzzle/plugin-cookie": "self.version",
                "guzzle/plugin-curlauth": "self.version",
                "guzzle/plugin-error-response": "self.version",
                "guzzle/plugin-history": "self.version",
                "guzzle/plugin-log": "self.version",
                "guzzle/plugin-md5": "self.version",
                "guzzle/plugin-mock": "self.version",
                "guzzle/plugin-oauth": "self.version",
                "guzzle/service": "self.version",
                "guzzle/stream": "self.version"
            },
            "require-dev": {
                "doctrine/cache": "~1.3",
                "monolog/monolog": "~1.0",
                "phpunit/phpunit": "3.7.*",
                "psr/log": "~1.0",
                "symfony/class-loader": "~2.1",
                "zendframework/zend-cache": "2.*,<2.3",
                "zendframework/zend-log": "2.*,<2.3"
            },
            "suggest": {
                "guzzlehttp/guzzle": "Guzzle 5 has moved to a new package name. The package you have installed, Guzzle 3, is deprecated."
            },
            "type": "library",
            "extra": {
                "branch-alias": {
                    "dev-master": "3.9-dev"
                }
            },
            "autoload": {
                "psr-0": {
                    "Guzzle": "src/",
                    "Guzzle\\Tests": "tests/"
                }
            },
            "notification-url": "https://packagist.org/downloads/",
            "license": [
                "MIT"
            ],
            "authors": [
                {
                    "name": "Michael Dowling",
                    "email": "mtdowling@gmail.com",
                    "homepage": "https://github.com/mtdowling"
                },
                {
                    "name": "Guzzle Community",
                    "homepage": "https://github.com/guzzle/guzzle/contributors"
                }
            ],
            "description": "PHP HTTP client. This library is deprecated in favor of https://packagist.org/packages/guzzlehttp/guzzle",
            "homepage": "http://guzzlephp.org/",
            "keywords": [
                "client",
                "curl",
                "framework",
                "http",
                "http client",
                "rest",
                "web service"
            ],
            "time": "2015-04-29 17:06:53"
        },
        {
            "name": "guzzlehttp/command",
            "version": "0.7.1",
            "source": {
                "type": "git",
                "url": "https://github.com/guzzle/command.git",
                "reference": "2e8286ff81f75f97b00f7dcc2f51e2efafb373bd"
            },
            "dist": {
                "type": "zip",
                "url": "https://api.github.com/repos/guzzle/command/zipball/2e8286ff81f75f97b00f7dcc2f51e2efafb373bd",
                "reference": "2e8286ff81f75f97b00f7dcc2f51e2efafb373bd",
                "shasum": ""
            },
            "require": {
                "guzzlehttp/guzzle": "~5.0",
                "php": ">=5.4.0"
            },
            "require-dev": {
                "phpunit/phpunit": "~4.0"
            },
            "type": "library",
            "extra": {
                "branch-alias": {
                    "dev-master": "0.7-dev"
                }
            },
            "autoload": {
                "psr-4": {
                    "GuzzleHttp\\Command\\": "src/"
                }
            },
            "notification-url": "https://packagist.org/downloads/",
            "license": [
                "MIT"
            ],
            "authors": [
                {
                    "name": "Michael Dowling",
                    "email": "mtdowling@gmail.com",
                    "homepage": "https://github.com/mtdowling"
                }
            ],
            "description": "Provides the foundation for building command based web service clients",
            "time": "2015-01-14 18:54:57"
        },
        {
            "name": "guzzlehttp/guzzle",
            "version": "5.2.0",
            "source": {
                "type": "git",
                "url": "https://github.com/guzzle/guzzle.git",
                "reference": "475b29ccd411f2fa8a408e64576418728c032cfa"
            },
            "dist": {
                "type": "zip",
                "url": "https://api.github.com/repos/guzzle/guzzle/zipball/475b29ccd411f2fa8a408e64576418728c032cfa",
                "reference": "475b29ccd411f2fa8a408e64576418728c032cfa",
                "shasum": ""
            },
            "require": {
                "guzzlehttp/ringphp": "~1.0",
                "php": ">=5.4.0"
            },
            "require-dev": {
                "ext-curl": "*",
                "phpunit/phpunit": "~4.0",
                "psr/log": "~1.0"
            },
            "type": "library",
            "extra": {
                "branch-alias": {
                    "dev-master": "5.0-dev"
                }
            },
            "autoload": {
                "psr-4": {
                    "GuzzleHttp\\": "src/"
                }
            },
            "notification-url": "https://packagist.org/downloads/",
            "license": [
                "MIT"
            ],
            "authors": [
                {
                    "name": "Michael Dowling",
                    "email": "mtdowling@gmail.com",
                    "homepage": "https://github.com/mtdowling"
                }
            ],
            "description": "Guzzle is a PHP HTTP client library and framework for building RESTful web service clients",
            "homepage": "http://guzzlephp.org/",
            "keywords": [
                "client",
                "curl",
                "framework",
                "http",
                "http client",
                "rest",
                "web service"
            ],
            "time": "2015-01-28 01:03:29"
        },
        {
            "name": "guzzlehttp/guzzle-services",
            "version": "0.5.0",
            "source": {
                "type": "git",
                "url": "https://github.com/guzzle/guzzle-services.git",
                "reference": "5402867628d266748db88f05c90ede54fd1d884c"
            },
            "dist": {
                "type": "zip",
                "url": "https://api.github.com/repos/guzzle/guzzle-services/zipball/5402867628d266748db88f05c90ede54fd1d884c",
                "reference": "5402867628d266748db88f05c90ede54fd1d884c",
                "shasum": ""
            },
            "require": {
                "guzzlehttp/command": "0.7.*",
                "php": ">=5.4.0"
            },
            "require-dev": {
                "phpunit/phpunit": "~4.0"
            },
            "type": "library",
            "extra": {
                "branch-alias": {
                    "dev-master": "0.4-dev"
                }
            },
            "autoload": {
                "psr-4": {
                    "GuzzleHttp\\Command\\Guzzle\\": "src/"
                }
            },
            "notification-url": "https://packagist.org/downloads/",
            "license": [
                "MIT"
            ],
            "authors": [
                {
                    "name": "Michael Dowling",
                    "email": "mtdowling@gmail.com",
                    "homepage": "https://github.com/mtdowling"
                }
            ],
            "description": "Provides an implementation of the Guzzle Command library that uses Guzzle service descriptions to describe web services, serialize requests, and parse responses into easy to use model structures.",
            "time": "2014-12-23 19:13:18"
        },
        {
            "name": "guzzlehttp/log-subscriber",
            "version": "dev-master",
            "source": {
                "type": "git",
                "url": "https://github.com/guzzle/log-subscriber.git",
                "reference": "99c3c0004165db721d8ef7bbef60c996210e538a"
            },
            "dist": {
                "type": "zip",
                "url": "https://api.github.com/repos/guzzle/log-subscriber/zipball/99c3c0004165db721d8ef7bbef60c996210e538a",
                "reference": "99c3c0004165db721d8ef7bbef60c996210e538a",
                "shasum": ""
            },
            "require": {
                "guzzlehttp/guzzle": "~4.0 | ~5.0",
                "php": ">=5.4.0",
                "psr/log": "~1.0"
            },
            "require-dev": {
                "phpunit/phpunit": "~4.0"
            },
            "type": "library",
            "extra": {
                "branch-alias": {
                    "dev-master": "1.0-dev"
                }
            },
            "autoload": {
                "psr-4": {
                    "GuzzleHttp\\Subscriber\\Log\\": "src/"
                }
            },
            "notification-url": "https://packagist.org/downloads/",
            "license": [
                "MIT"
            ],
            "authors": [
                {
                    "name": "Michael Dowling",
                    "email": "mtdowling@gmail.com",
                    "homepage": "https://github.com/mtdowling"
                }
            ],
            "description": "Logs HTTP requests and responses as they are sent over the wire (Guzzle 4+)",
            "homepage": "http://guzzlephp.org/",
            "keywords": [
                "Guzzle",
                "log",
                "plugin"
            ],
            "time": "2014-10-13 03:31:43"
        },
        {
            "name": "guzzlehttp/retry-subscriber",
            "version": "dev-master",
            "source": {
                "type": "git",
                "url": "https://github.com/guzzle/retry-subscriber.git",
                "reference": "bcef02939a1f3e3126662a969ea60aeadb6ba74f"
            },
            "dist": {
                "type": "zip",
                "url": "https://api.github.com/repos/guzzle/retry-subscriber/zipball/bcef02939a1f3e3126662a969ea60aeadb6ba74f",
                "reference": "bcef02939a1f3e3126662a969ea60aeadb6ba74f",
                "shasum": ""
            },
            "require": {
                "guzzlehttp/guzzle": "~5.1",
                "php": ">=5.4.0"
            },
            "require-dev": {
                "guzzlehttp/log-subscriber": "~1.0",
                "phpunit/phpunit": "~4.0"
            },
            "type": "library",
            "extra": {
                "branch-alias": {
                    "dev-master": "1.0-dev"
                }
            },
            "autoload": {
                "psr-4": {
                    "GuzzleHttp\\Subscriber\\Retry\\": "src/"
                }
            },
            "notification-url": "https://packagist.org/downloads/",
            "license": [
                "MIT"
            ],
            "authors": [
                {
                    "name": "Michael Dowling",
                    "email": "mtdowling@gmail.com",
                    "homepage": "https://github.com/mtdowling"
                }
            ],
            "description": "Retries failed HTTP requests using customizable retry strategies (Guzzle 4+)",
            "homepage": "http://guzzlephp.org/",
            "keywords": [
                "Guzzle",
                "http",
                "retry"
            ],
            "time": "2015-03-11 00:09:52"
        },
        {
            "name": "guzzlehttp/ringphp",
            "version": "dev-master",
            "source": {
                "type": "git",
                "url": "https://github.com/guzzle/RingPHP.git",
                "reference": "2498ee848cd01639aecdcf3d5a257bace8665b7c"
            },
            "dist": {
                "type": "zip",
                "url": "https://api.github.com/repos/guzzle/RingPHP/zipball/2498ee848cd01639aecdcf3d5a257bace8665b7c",
                "reference": "2498ee848cd01639aecdcf3d5a257bace8665b7c",
                "shasum": ""
            },
            "require": {
                "guzzlehttp/streams": "~3.0",
                "php": ">=5.4.0",
                "react/promise": "~2.0"
            },
            "require-dev": {
                "ext-curl": "*",
                "phpunit/phpunit": "~4.0"
            },
            "suggest": {
                "ext-curl": "Guzzle will use specific adapters if cURL is present"
            },
            "type": "library",
            "extra": {
                "branch-alias": {
                    "dev-master": "1.0-dev"
                }
            },
            "autoload": {
                "psr-4": {
                    "GuzzleHttp\\Ring\\": "src/"
                }
            },
            "notification-url": "https://packagist.org/downloads/",
            "license": [
                "MIT"
            ],
            "authors": [
                {
                    "name": "Michael Dowling",
                    "email": "mtdowling@gmail.com",
                    "homepage": "https://github.com/mtdowling"
                }
            ],
            "description": "Provides a simple API and specification that abstracts away the details of HTTP into a single PHP function.",
            "time": "2015-05-01 04:57:09"
        },
        {
            "name": "guzzlehttp/streams",
            "version": "dev-master",
            "source": {
                "type": "git",
                "url": "https://github.com/guzzle/streams.git",
                "reference": "d1f8a6c55f0f753cfd6f6755856473eb02cedb19"
            },
            "dist": {
                "type": "zip",
                "url": "https://api.github.com/repos/guzzle/streams/zipball/d1f8a6c55f0f753cfd6f6755856473eb02cedb19",
                "reference": "d1f8a6c55f0f753cfd6f6755856473eb02cedb19",
                "shasum": ""
            },
            "require": {
                "php": ">=5.4.0"
            },
            "require-dev": {
                "phpunit/phpunit": "~4.0"
            },
            "type": "library",
            "extra": {
                "branch-alias": {
                    "dev-master": "3.0-dev"
                }
            },
            "autoload": {
                "psr-4": {
                    "GuzzleHttp\\Stream\\": "src/"
                }
            },
            "notification-url": "https://packagist.org/downloads/",
            "license": [
                "MIT"
            ],
            "authors": [
                {
                    "name": "Michael Dowling",
                    "email": "mtdowling@gmail.com",
                    "homepage": "https://github.com/mtdowling"
                }
            ],
            "description": "Provides a simple abstraction over streams of data",
            "homepage": "http://guzzlephp.org/",
            "keywords": [
                "Guzzle",
                "stream"
            ],
            "time": "2015-01-22 00:01:34"
        },
        {
            "name": "lob/lob-php",
            "version": "v1.4.1",
            "source": {
                "type": "git",
                "url": "https://github.com/lob/lob-php.git",
                "reference": "e01745d0f801a2b099fdc9d75277187f3545f562"
            },
            "dist": {
                "type": "zip",
                "url": "https://api.github.com/repos/lob/lob-php/zipball/e01745d0f801a2b099fdc9d75277187f3545f562",
                "reference": "e01745d0f801a2b099fdc9d75277187f3545f562",
                "shasum": ""
            },
            "require": {
                "guzzle/guzzle": "~3.7",
                "php": ">=5.3.0"
            },
            "require-dev": {
                "dompdf/dompdf": "0.6.*",
                "phpunit/phpunit": "3.7.*",
                "satooshi/php-coveralls": "dev-master"
            },
            "type": "library",
            "extra": {
                "branch-alias": {
                    "dev-master": "1.0-dev"
                }
            },
            "autoload": {
                "psr-0": {
                    "Lob\\Tests": "tests/",
                    "Lob": "src/"
                }
            },
            "notification-url": "https://packagist.org/downloads/",
            "license": [
                "MIT"
            ],
            "authors": [
                {
                    "name": "Lob",
                    "email": "support@lob.com",
                    "homepage": "https://www.lob.com"
                }
            ],
            "description": "Lob.com API PHP wrapper.",
            "homepage": "https://www.lob.com/",
            "keywords": [
                "api",
                "lob",
                "printing",
                "rest",
                "web service",
                "wrapper"
            ],
            "time": "2015-04-29 16:35:16"
        },
        {
            "name": "mtdowling/jmespath.php",
            "version": "2.1.0",
            "source": {
                "type": "git",
                "url": "https://github.com/jmespath/jmespath.php.git",
                "reference": "88b6d646de963396dd227d028cce114fe85f9857"
            },
            "dist": {
                "type": "zip",
                "url": "https://api.github.com/repos/jmespath/jmespath.php/zipball/88b6d646de963396dd227d028cce114fe85f9857",
                "reference": "88b6d646de963396dd227d028cce114fe85f9857",
                "shasum": ""
            },
            "require": {
                "php": ">=5.4.0"
            },
            "require-dev": {
                "phpunit/phpunit": "~4.0"
            },
            "bin": [
                "bin/jp.php"
            ],
            "type": "library",
            "extra": {
                "branch-alias": {
                    "dev-master": "2.0-dev"
                }
            },
            "autoload": {
                "psr-4": {
                    "JmesPath\\": "src/"
                },
                "files": [
                    "src/JmesPath.php"
                ]
            },
            "notification-url": "https://packagist.org/downloads/",
            "license": [
                "MIT"
            ],
            "authors": [
                {
                    "name": "Michael Dowling",
                    "email": "mtdowling@gmail.com",
                    "homepage": "https://github.com/mtdowling"
                }
            ],
            "description": "Declaratively specify how to extract elements from a JSON document",
            "keywords": [
                "json",
                "jsonpath"
            ],
            "time": "2015-01-13 20:50:20"
        },
        {
            "name": "neilime/zf2-twb-bundle",
            "version": "2.4.0",
            "source": {
                "type": "git",
                "url": "https://github.com/neilime/zf2-twb-bundle.git",
                "reference": "74b5ed6f6f4683a49a02c43496d9525c841d8dda"
            },
            "dist": {
                "type": "zip",
                "url": "https://api.github.com/repos/neilime/zf2-twb-bundle/zipball/74b5ed6f6f4683a49a02c43496d9525c841d8dda",
                "reference": "74b5ed6f6f4683a49a02c43496d9525c841d8dda",
                "shasum": ""
            },
            "require": {
                "php": ">=5.3.2",
                "zendframework/zend-config": "~2.3",
                "zendframework/zend-escaper": "~2.3",
                "zendframework/zend-form": "~2.3",
                "zendframework/zend-i18n": "~2.3",
                "zendframework/zend-loader": "~2.3",
                "zendframework/zend-log": "~2.3",
                "zendframework/zend-modulemanager": "~2.3",
                "zendframework/zend-mvc": "~2.3",
                "zendframework/zend-serializer": "~2.3",
                "zendframework/zend-servicemanager": "~2.3",
                "zendframework/zend-stdlib": "~2.3",
                "zendframework/zend-view": "~2.3"
            },
            "require-dev": {
                "phpunit/phpunit": "4.*",
                "satooshi/php-coveralls": "0.*"
            },
            "suggest": {
                "neilime/zf2-assets-bundle": "Bundling & caching Twitter Bootstrap assets",
                "twitter/bootstrap": "Twitter bootstrap assets"
            },
            "type": "library",
            "extra": {
                "branch-alias": {
                    "dev-master": "1.0-dev"
                }
            },
            "autoload": {
                "psr-0": {
                    "TwbBundle": "src"
                },
                "classmap": [
                    "Module.php"
                ]
            },
            "notification-url": "https://packagist.org/downloads/",
            "license": [
                "MIT"
            ],
            "authors": [
                {
                    "name": "Neilime",
                    "homepage": "https://github.com/neilime",
                    "role": "Developer"
                }
            ],
            "description": "Zend Framework 2 module for easy integration of Twitter Bootstrap",
            "homepage": "http://neilime.github.io/zf2-twb-bundle/",
            "keywords": [
                "module",
                "twitter bootstrap",
                "zend framework 2"
            ],
            "time": "2015-04-01 12:54:52"
        },
        {
            "name": "psr/log",
            "version": "dev-master",
            "source": {
                "type": "git",
                "url": "https://github.com/php-fig/log.git",
                "reference": "bf2c13de4300e227d7b2fd08027673a79c519987"
            },
            "dist": {
                "type": "zip",
                "url": "https://api.github.com/repos/php-fig/log/zipball/bf2c13de4300e227d7b2fd08027673a79c519987",
                "reference": "bf2c13de4300e227d7b2fd08027673a79c519987",
                "shasum": ""
            },
            "type": "library",
            "extra": {
                "branch-alias": {
                    "dev-master": "1.0.x-dev"
                }
            },
            "autoload": {
                "psr-4": {
                    "Psr\\Log\\": "Psr/Log/"
                }
            },
            "notification-url": "https://packagist.org/downloads/",
            "license": [
                "MIT"
            ],
            "authors": [
                {
                    "name": "PHP-FIG",
                    "homepage": "http://www.php-fig.org/"
                }
            ],
            "description": "Common interface for logging libraries",
            "keywords": [
                "log",
                "psr",
                "psr-3"
            ],
            "time": "2015-03-26 14:39:45"
        },
        {
            "name": "react/promise",
            "version": "v2.2.0",
            "source": {
                "type": "git",
                "url": "https://github.com/reactphp/promise.git",
                "reference": "365fcee430dfa4ace1fbc75737ca60ceea7eeeef"
            },
            "dist": {
                "type": "zip",
                "url": "https://api.github.com/repos/reactphp/promise/zipball/365fcee430dfa4ace1fbc75737ca60ceea7eeeef",
                "reference": "365fcee430dfa4ace1fbc75737ca60ceea7eeeef",
                "shasum": ""
            },
            "require": {
                "php": ">=5.4.0"
            },
            "type": "library",
            "extra": {
                "branch-alias": {
                    "dev-master": "2.0-dev"
                }
            },
            "autoload": {
                "psr-4": {
                    "React\\Promise\\": "src/"
                },
                "files": [
                    "src/functions_include.php"
                ]
            },
            "notification-url": "https://packagist.org/downloads/",
            "license": [
                "MIT"
            ],
            "authors": [
                {
                    "name": "Jan Sorgalla",
                    "email": "jsorgalla@googlemail.com"
                }
            ],
            "description": "A lightweight implementation of CommonJS Promises/A for PHP",
            "time": "2014-12-30 13:32:42"
        },
        {
            "name": "stormpath/sdk",
            "version": "1.3.0.beta",
            "source": {
                "type": "git",
                "url": "https://github.com/stormpath/stormpath-sdk-php.git",
                "reference": "bc64a5d43712cfa3fbc69bd476f16ae66fd495ab"
            },
            "dist": {
                "type": "zip",
                "url": "https://api.github.com/repos/stormpath/stormpath-sdk-php/zipball/bc64a5d43712cfa3fbc69bd476f16ae66fd495ab",
                "reference": "bc64a5d43712cfa3fbc69bd476f16ae66fd495ab",
                "shasum": ""
            },
            "require": {
                "firebase/php-jwt": "v2.0.0",
                "guzzle/http": "3.9.*",
                "php": ">=5.3.3"
            },
            "require-dev": {
                "phpunit/phpunit": "3.7.*"
            },
            "type": "library",
            "autoload": {
                "psr-0": {
                    "Stormpath\\": "src/"
                }
            },
            "notification-url": "https://packagist.org/downloads/",
            "license": [
                "Apache 2.0"
            ],
            "authors": [
                {
                    "name": "Elder Crisostomo",
                    "email": "elder@stormpath.com",
                    "role": "Developer"
                }
            ],
            "description": "A PHP wrapper for Stormpath's API",
            "homepage": "https://github.com/stormpath/stormpath-sdk-php",
            "keywords": [
                "Authentication",
                "User management",
                "api",
                "cloud",
                "group management",
                "security",
                "stormpath",
                "user security"
            ],
            "time": "2015-05-07 21:21:41"
        },
        {
            "name": "symfony/event-dispatcher",
            "version": "2.8.x-dev",
            "source": {
                "type": "git",
                "url": "https://github.com/symfony/EventDispatcher.git",
                "reference": "8766cebf28beac9a45b511d7dba053da9d35eb9f"
            },
            "dist": {
                "type": "zip",
                "url": "https://api.github.com/repos/symfony/EventDispatcher/zipball/8766cebf28beac9a45b511d7dba053da9d35eb9f",
                "reference": "8766cebf28beac9a45b511d7dba053da9d35eb9f",
                "shasum": ""
            },
            "require": {
                "php": ">=5.3.9"
            },
            "require-dev": {
                "psr/log": "~1.0",
                "symfony/config": "~2.0,>=2.0.5|~3.0.0",
                "symfony/dependency-injection": "~2.6|~3.0.0",
                "symfony/expression-language": "~2.6|~3.0.0",
                "symfony/phpunit-bridge": "~2.7|~3.0.0",
                "symfony/stopwatch": "~2.3|~3.0.0"
            },
            "suggest": {
                "symfony/dependency-injection": "",
                "symfony/http-kernel": ""
            },
            "type": "library",
            "extra": {
                "branch-alias": {
                    "dev-master": "2.8-dev"
                }
            },
            "autoload": {
                "psr-4": {
                    "Symfony\\Component\\EventDispatcher\\": ""
                }
            },
            "notification-url": "https://packagist.org/downloads/",
            "license": [
                "MIT"
            ],
            "authors": [
                {
                    "name": "Fabien Potencier",
                    "email": "fabien@symfony.com"
                },
                {
                    "name": "Symfony Community",
                    "homepage": "https://symfony.com/contributors"
                }
            ],
            "description": "Symfony EventDispatcher Component",
            "homepage": "https://symfony.com",
            "time": "2015-05-12 15:16:46"
        },
        {
            "name": "zendframework/zendframework",
            "version": "dev-develop",
            "source": {
                "type": "git",
                "url": "https://github.com/zendframework/zf2.git",
                "reference": "da3c936495ed8f1167c7d8c29db0eff793ef2517"
            },
            "dist": {
                "type": "zip",
                "url": "https://api.github.com/repos/zendframework/zf2/zipball/da3c936495ed8f1167c7d8c29db0eff793ef2517",
                "reference": "da3c936495ed8f1167c7d8c29db0eff793ef2517",
                "shasum": ""
            },
            "require": {
                "php": ">=5.3.23",
                "zendframework/zendxml": "~1.0-dev"
            },
            "replace": {
                "zendframework/zend-authentication": "self.version",
                "zendframework/zend-barcode": "self.version",
                "zendframework/zend-cache": "self.version",
                "zendframework/zend-captcha": "self.version",
                "zendframework/zend-code": "self.version",
                "zendframework/zend-config": "self.version",
                "zendframework/zend-console": "self.version",
                "zendframework/zend-crypt": "self.version",
                "zendframework/zend-db": "self.version",
                "zendframework/zend-debug": "self.version",
                "zendframework/zend-di": "self.version",
                "zendframework/zend-dom": "self.version",
                "zendframework/zend-escaper": "self.version",
                "zendframework/zend-eventmanager": "self.version",
                "zendframework/zend-feed": "self.version",
                "zendframework/zend-file": "self.version",
                "zendframework/zend-filter": "self.version",
                "zendframework/zend-form": "self.version",
                "zendframework/zend-http": "self.version",
                "zendframework/zend-i18n": "self.version",
                "zendframework/zend-inputfilter": "self.version",
                "zendframework/zend-json": "self.version",
                "zendframework/zend-ldap": "self.version",
                "zendframework/zend-loader": "self.version",
                "zendframework/zend-log": "self.version",
                "zendframework/zend-mail": "self.version",
                "zendframework/zend-math": "self.version",
                "zendframework/zend-memory": "self.version",
                "zendframework/zend-mime": "self.version",
                "zendframework/zend-modulemanager": "self.version",
                "zendframework/zend-mvc": "self.version",
                "zendframework/zend-navigation": "self.version",
                "zendframework/zend-paginator": "self.version",
                "zendframework/zend-permissions-acl": "self.version",
                "zendframework/zend-permissions-rbac": "self.version",
                "zendframework/zend-progressbar": "self.version",
                "zendframework/zend-resources": "self.version",
                "zendframework/zend-serializer": "self.version",
                "zendframework/zend-server": "self.version",
                "zendframework/zend-servicemanager": "self.version",
                "zendframework/zend-session": "self.version",
                "zendframework/zend-soap": "self.version",
                "zendframework/zend-stdlib": "self.version",
                "zendframework/zend-tag": "self.version",
                "zendframework/zend-test": "self.version",
                "zendframework/zend-text": "self.version",
                "zendframework/zend-uri": "self.version",
                "zendframework/zend-validator": "self.version",
                "zendframework/zend-version": "self.version",
                "zendframework/zend-view": "self.version",
                "zendframework/zend-xmlrpc": "self.version"
            },
            "require-dev": {
                "doctrine/annotations": "~1.0",
                "fabpot/php-cs-fixer": "~1.0",
                "ircmaxell/random-lib": "~1.1",
                "mikey179/vfsstream": "~1.2",
                "phpunit/phpcov": "~2.0",
                "phpunit/phpunit": "~4.6",
                "satooshi/php-coveralls": "dev-master"
            },
            "suggest": {
                "doctrine/annotations": "Doctrine Annotations >=1.0 for annotation features",
                "ext-intl": "ext/intl for i18n features (included in default builds of PHP)",
                "ircmaxell/random-lib": "Fallback random byte generator for Zend\\Math\\Rand if OpenSSL/Mcrypt extensions are unavailable",
                "ocramius/proxy-manager": "ProxyManager 0.5.* to handle lazy initialization of services",
                "zendframework/zendpdf": "ZendPdf for creating PDF representations of barcodes",
                "zendframework/zendservice-recaptcha": "ZendService\\ReCaptcha for rendering ReCaptchas in Zend\\Captcha and/or Zend\\Form"
            },
            "bin": [
                "bin/classmap_generator.php",
                "bin/pluginmap_generator.php",
                "bin/templatemap_generator.php"
            ],
            "type": "library",
            "extra": {
                "branch-alias": {
                    "dev-master": "2.4-dev",
                    "dev-develop": "2.5-dev"
                }
            },
            "autoload": {
                "psr-4": {
                    "Zend\\": "library/Zend/"
                }
            },
            "notification-url": "https://packagist.org/downloads/",
            "license": [
                "BSD-3-Clause"
            ],
            "description": "Zend Framework 2",
            "homepage": "http://framework.zend.com/",
            "keywords": [
                "framework",
                "zf2"
            ],
            "time": "2015-05-11 16:21:24"
        },
        {
            "name": "zendframework/zendxml",
            "version": "dev-master",
            "source": {
                "type": "git",
                "url": "https://github.com/zendframework/ZendXml.git",
                "reference": "1c8d4b424824d605b203a33729bbb3a3f7c4616b"
            },
            "dist": {
                "type": "zip",
                "url": "https://api.github.com/repos/zendframework/ZendXml/zipball/1c8d4b424824d605b203a33729bbb3a3f7c4616b",
                "reference": "1c8d4b424824d605b203a33729bbb3a3f7c4616b",
                "shasum": ""
            },
            "require": {
                "php": ">=5.3.3"
            },
            "require-dev": {
                "phpunit/phpunit": "~3.7",
                "squizlabs/php_codesniffer": "~1.5"
            },
            "type": "library",
            "extra": {
                "branch-alias": {
                    "dev-master": "1.0-dev"
                }
            },
            "autoload": {
                "psr-0": {
                    "ZendXml\\": "library/"
                }
            },
            "notification-url": "https://packagist.org/downloads/",
            "license": [
                "BSD-3-Clause"
            ],
            "description": "Utility library for XML usage, best practices, and security in PHP",
            "homepage": "http://packages.zendframework.com/",
            "keywords": [
                "security",
                "xml",
                "zf2"
            ],
            "time": "2014-11-22 20:27:31"
        }
    ],
    "packages-dev": [],
    "aliases": [],
    "minimum-stability": "dev",
    "stability-flags": {
        "neilime/zf2-twb-bundle": 0,
        "stormpath/sdk": 10,
        "fillup/nexmo": 20
    },
    "prefer-stable": false,
    "prefer-lowest": false,
    "platform": {
        "php": ">=5.3.3"
    },
    "platform-dev": []
}
